
Microsoft Visual Studio Solution File, Format Version 12.00
# Visual Studio Version 17
VisualStudioVersion = 17.3.32922.545
MinimumVisualStudioVersion = 10.0.40219.1
Project("{8BC9CEB8-8B4A-11D0-8D11-00A0C91BC942}") = "lab5.0", "lab5.0\lab5.0.vcxproj", "{AD4AD940-6DAB-4750-AA68-3905638F81DC}"
EndProject
Project("{8BC9CEB8-8B4A-11D0-8D11-00A0C91BC942}") = "UnitTest5.0", "UnitTest5.0\UnitTest5.0.vcxproj", "{54A79CB6-FEEC-4A5E-922B-A5239ACBA673}"
EndProject
Global
	GlobalSection(SolutionConfigurationPlatforms) = preSolution
		Debug|x64 = Debug|x64
		Debug|x86 = Debug|x86
		Release|x64 = Release|x64
		Release|x86 = Release|x86
	EndGlobalSection
	GlobalSection(ProjectConfigurationPlatforms) = postSolution
		{AD4AD940-6DAB-4750-AA68-3905638F81DC}.Debug|x64.ActiveCfg = Debug|x64
		{AD4AD940-6DAB-4750-AA68-3905638F81DC}.Debug|x64.Build.0 = Debug|x64
		{AD4AD940-6DAB-4750-AA68-3905638F81DC}.Debug|x86.ActiveCfg = Debug|Win32
		{AD4AD940-6DAB-4750-AA68-3905638F81DC}.Debug|x86.Build.0 = Debug|Win32
		{AD4AD940-6DAB-4750-AA68-3905638F81DC}.Release|x64.ActiveCfg = Release|x64
		{AD4AD940-6DAB-4750-AA68-3905638F81DC}.Release|x64.Build.0 = Release|x64
		{AD4AD940-6DAB-4750-AA68-3905638F81DC}.Release|x86.ActiveCfg = Release|Win32
		{AD4AD940-6DAB-4750-AA68-3905638F81DC}.Release|x86.Build.0 = Release|Win32
		{54A79CB6-FEEC-4A5E-922B-A5239ACBA673}.Debug|x64.ActiveCfg = Debug|x64
		{54A79CB6-FEEC-4A5E-922B-A5239ACBA673}.Debug|x64.Build.0 = Debug|x64
		{54A79CB6-FEEC-4A5E-922B-A5239ACBA673}.Debug|x86.ActiveCfg = Debug|Win32
		{54A79CB6-FEEC-4A5E-922B-A5239ACBA673}.Debug|x86.Build.0 = Debug|Win32
		{54A79CB6-FEEC-4A5E-922B-A5239ACBA673}.Release|x64.ActiveCfg = Release|x64
		{54A79CB6-FEEC-4A5E-922B-A5239ACBA673}.Release|x64.Build.0 = Release|x64
		{54A79CB6-FEEC-4A5E-922B-A5239ACBA673}.Release|x86.ActiveCfg = Release|Win32
		{54A79CB6-FEEC-4A5E-922B-A5239ACBA673}.Release|x86.Build.0 = Release|Win32
	EndGlobalSection
	GlobalSection(SolutionProperties) = preSolution
		HideSolutionNode = FALSE
	EndGlobalSection
	GlobalSection(ExtensibilityGlobals) = postSolution
		SolutionGuid = {8995C582-F341-4539-84B6-5372DA7E0061}
	EndGlobalSection
EndGlobal
